// !$*UTF8*$!
{
	archiveVersion = 1;
	classes = {
	};
	objectVersion = 50;
	objects = {

/* Begin PBXBuildFile section */
		A1B5D079209B2BEB00188D6C /* AppDelegate.swift in Sources */ = {isa = PBXBuildFile; fileRef = A1B5D078209B2BEB00188D6C /* AppDelegate.swift */; };
		A1B5D07B209B2BEB00188D6C /* ViewController.swift in Sources */ = {isa = PBXBuildFile; fileRef = A1B5D07A209B2BEB00188D6C /* ViewController.swift */; };
		A1B5D07E209B2BEB00188D6C /* Main.storyboard in Resources */ = {isa = PBXBuildFile; fileRef = A1B5D07C209B2BEB00188D6C /* Main.storyboard */; };
		A1B5D080209B2BEC00188D6C /* Assets.xcassets in Resources */ = {isa = PBXBuildFile; fileRef = A1B5D07F209B2BEC00188D6C /* Assets.xcassets */; };
		A1B5D083209B2BEC00188D6C /* LaunchScreen.storyboard in Resources */ = {isa = PBXBuildFile; fileRef = A1B5D081209B2BEC00188D6C /* LaunchScreen.storyboard */; };
		A1B5D08E209B2BEC00188D6C /* CRMTests.swift in Sources */ = {isa = PBXBuildFile; fileRef = A1B5D08D209B2BEC00188D6C /* CRMTests.swift */; };
		A1B5D099209B2BEC00188D6C /* CRMUITests.swift in Sources */ = {isa = PBXBuildFile; fileRef = A1B5D098209B2BEC00188D6C /* CRMUITests.swift */; };
/* End PBXBuildFile section */

/* Begin PBXContainerItemProxy section */
		A1B5D08A209B2BEC00188D6C /* PBXContainerItemProxy */ = {
			isa = PBXContainerItemProxy;
			containerPortal = A1B5D06D209B2BEA00188D6C /* Project object */;
			proxyType = 1;
			remoteGlobalIDString = A1B5D074209B2BEA00188D6C;
			remoteInfo = CRM;
		};
		A1B5D095209B2BEC00188D6C /* PBXContainerItemProxy */ = {
			isa = PBXContainerItemProxy;
			containerPortal = A1B5D06D209B2BEA00188D6C /* Project object */;
			proxyType = 1;
			remoteGlobalIDString = A1B5D074209B2BEA00188D6C;
			remoteInfo = CRM;
		};
/* End PBXContainerItemProxy section */

/* Begin PBXFileReference section */
		A1B5D075209B2BEB00188D6C /* CRM.app */ = {isa = PBXFileReference; explicitFileType = wrapper.application; includeInIndex = 0; path = CRM.app; sourceTree = BUILT_PRODUCTS_DIR; };
		A1B5D078209B2BEB00188D6C /* AppDelegate.swift */ = {isa = PBXFileReference; lastKnownFileType = sourcecode.swift; path = AppDelegate.swift; sourceTree = "<group>"; };
		A1B5D07A209B2BEB00188D6C /* ViewController.swift */ = {isa = PBXFileReference; lastKnownFileType = sourcecode.swift; path = ViewController.swift; sourceTree = "<group>"; };
		A1B5D07D209B2BEB00188D6C /* Base */ = {isa = PBXFileReference; lastKnownFileType = file.storyboard; name = Base; path = Base.lproj/Main.storyboard; sourceTree = "<group>"; };
		A1B5D07F209B2BEC00188D6C /* Assets.xcassets */ = {isa = PBXFileReference; lastKnownFileType = folder.assetcatalog; path = Assets.xcassets; sourceTree = "<group>"; };
		A1B5D082209B2BEC00188D6C /* Base */ = {isa = PBXFileReference; lastKnownFileType = file.storyboard; name = Base; path = Base.lproj/LaunchScreen.storyboard; sourceTree = "<group>"; };
		A1B5D084209B2BEC00188D6C /* Info.plist */ = {isa = PBXFileReference; lastKnownFileType = text.plist.xml; path = Info.plist; sourceTree = "<group>"; };
		A1B5D089209B2BEC00188D6C /* CRMTests.xctest */ = {isa = PBXFileReference; explicitFileType = wrapper.cfbundle; includeInIndex = 0; path = CRMTests.xctest; sourceTree = BUILT_PRODUCTS_DIR; };
		A1B5D08D209B2BEC00188D6C /* CRMTests.swift */ = {isa = PBXFileReference; lastKnownFileType = sourcecode.swift; path = CRMTests.swift; sourceTree = "<group>"; };
		A1B5D08F209B2BEC00188D6C /* Info.plist */ = {isa = PBXFileReference; lastKnownFileType = text.plist.xml; path = Info.plist; sourceTree = "<group>"; };
		A1B5D094209B2BEC00188D6C /* CRMUITests.xctest */ = {isa = PBXFileReference; explicitFileType = wrapper.cfbundle; includeInIndex = 0; path = CRMUITests.xctest; sourceTree = BUILT_PRODUCTS_DIR; };
		A1B5D098209B2BEC00188D6C /* CRMUITests.swift */ = {isa = PBXFileReference; lastKnownFileType = sourcecode.swift; path = CRMUITests.swift; sourceTree = "<group>"; };
		A1B5D09A209B2BEC00188D6C /* Info.plist */ = {isa = PBXFileReference; lastKnownFileType = text.plist.xml; path = Info.plist; sourceTree = "<group>"; };
/* End PBXFileReference section */

/* Begin PBXFrameworksBuildPhase section */
		A1B5D072209B2BEA00188D6C /* Frameworks */ = {
			isa = PBXFrameworksBuildPhase;
			buildActionMask = 2147483647;
			files = (
			);
			runOnlyForDeploymentPostprocessing = 0;
		};
		A1B5D086209B2BEC00188D6C /* Frameworks */ = {
			isa = PBXFrameworksBuildPhase;
			buildActionMask = 2147483647;
			files = (
			);
			runOnlyForDeploymentPostprocessing = 0;
		};
		A1B5D091209B2BEC00188D6C /* Frameworks */ = {
			isa = PBXFrameworksBuildPhase;
			buildActionMask = 2147483647;
			files = (
			);
			runOnlyForDeploymentPostprocessing = 0;
		};
/* End PBXFrameworksBuildPhase section */

/* Begin PBXGroup section */
		A1B5D06C209B2BEA00188D6C = {
			isa = PBXGroup;
			children = (
				A1B5D077209B2BEB00188D6C /* CRM */,
				A1B5D08C209B2BEC00188D6C /* CRMTests */,
				A1B5D097209B2BEC00188D6C /* CRMUITests */,
				A1B5D076209B2BEB00188D6C /* Products */,
			);
			sourceTree = "<group>";
		};
		A1B5D076209B2BEB00188D6C /* Products */ = {
			isa = PBXGroup;
			children = (
				A1B5D075209B2BEB00188D6C /* CRM.app */,
				A1B5D089209B2BEC00188D6C /* CRMTests.xctest */,
				A1B5D094209B2BEC00188D6C /* CRMUITests.xctest */,
			);
			name = Products;
			sourceTree = "<group>";
		};
		A1B5D077209B2BEB00188D6C /* CRM */ = {
			isa = PBXGroup;
			children = (
				A1B5D078209B2BEB00188D6C /* AppDelegate.swift */,
				A1B5D07A209B2BEB00188D6C /* ViewController.swift */,
				A1B5D07C209B2BEB00188D6C /* Main.storyboard */,
				A1B5D07F209B2BEC00188D6C /* Assets.xcassets */,
				A1B5D081209B2BEC00188D6C /* LaunchScreen.storyboard */,
				A1B5D084209B2BEC00188D6C /* Info.plist */,
			);
			path = CRM;
			sourceTree = "<group>";
		};
		A1B5D08C209B2BEC00188D6C /* CRMTests */ = {
			isa = PBXGroup;
			children = (
				A1B5D08D209B2BEC00188D6C /* CRMTests.swift */,
				A1B5D08F209B2BEC00188D6C /* Info.plist */,
			);
			path = CRMTests;
			sourceTree = "<group>";
		};
		A1B5D097209B2BEC00188D6C /* CRMUITests */ = {
			isa = PBXGroup;
			children = (
				A1B5D098209B2BEC00188D6C /* CRMUITests.swift */,
				A1B5D09A209B2BEC00188D6C /* Info.plist */,
			);
			path = CRMUITests;
			sourceTree = "<group>";
		};
/* End PBXGroup section */

/* Begin PBXNativeTarget section */
		A1B5D074209B2BEA00188D6C /* CRM */ = {
			isa = PBXNativeTarget;
			buildConfigurationList = A1B5D09D209B2BEC00188D6C /* Build configuration list for PBXNativeTarget "CRM" */;
			buildPhases = (
				A1B5D071209B2BEA00188D6C /* Sources */,
				A1B5D072209B2BEA00188D6C /* Frameworks */,
				A1B5D073209B2BEA00188D6C /* Resources */,
			);
			buildRules = (
			);
			dependencies = (
			);
			name = CRM;
			productName = CRM;
			productReference = A1B5D075209B2BEB00188D6C /* CRM.app */;
			productType = "com.apple.product-type.application";
		};
		A1B5D088209B2BEC00188D6C /* CRMTests */ = {
			isa = PBXNativeTarget;
			buildConfigurationList = A1B5D0A0209B2BEC00188D6C /* Build configuration list for PBXNativeTarget "CRMTests" */;
			buildPhases = (
				A1B5D085209B2BEC00188D6C /* Sources */,
				A1B5D086209B2BEC00188D6C /* Frameworks */,
				A1B5D087209B2BEC00188D6C /* Resources */,
			);
			buildRules = (
			);
			dependencies = (
				A1B5D08B209B2BEC00188D6C /* PBXTargetDependency */,
			);
			name = CRMTests;
			productName = CRMTests;
			productReference = A1B5D089209B2BEC00188D6C /* CRMTests.xctest */;
			productType = "com.apple.product-type.bundle.unit-test";
		};
		A1B5D093209B2BEC00188D6C /* CRMUITests */ = {
			isa = PBXNativeTarget;
			buildConfigurationList = A1B5D0A3209B2BEC00188D6C /* Build configuration list for PBXNativeTarget "CRMUITests" */;
			buildPhases = (
				A1B5D090209B2BEC00188D6C /* Sources */,
				A1B5D091209B2BEC00188D6C /* Frameworks */,
				A1B5D092209B2BEC00188D6C /* Resources */,
			);
			buildRules = (
			);
			dependencies = (
				A1B5D096209B2BEC00188D6C /* PBXTargetDependency */,
			);
			name = CRMUITests;
			productName = CRMUITests;
			productReference = A1B5D094209B2BEC00188D6C /* CRMUITests.xctest */;
			productType = "com.apple.product-type.bundle.ui-testing";
		};
/* End PBXNativeTarget section */

/* Begin PBXProject section */
		A1B5D06D209B2BEA00188D6C /* Project object */ = {
			isa = PBXProject;
			attributes = {
				LastSwiftUpdateCheck = 0930;
				LastUpgradeCheck = 0930;
				ORGANIZATIONNAME = "Noel Jander";
				TargetAttributes = {
					A1B5D074209B2BEA00188D6C = {
						CreatedOnToolsVersion = 9.3;
					};
					A1B5D088209B2BEC00188D6C = {
						CreatedOnToolsVersion = 9.3;
						TestTargetID = A1B5D074209B2BEA00188D6C;
					};
					A1B5D093209B2BEC00188D6C = {
						CreatedOnToolsVersion = 9.3;
						TestTargetID = A1B5D074209B2BEA00188D6C;
					};
				};
			};
			buildConfigurationList = A1B5D070209B2BEA00188D6C /* Build configuration list for PBXProject "CRM" */;
			compatibilityVersion = "Xcode 9.3";
			developmentRegion = en;
			hasScannedForEncodings = 0;
			knownRegions = (
				en,
				Base,
			);
			mainGroup = A1B5D06C209B2BEA00188D6C;
			productRefGroup = A1B5D076209B2BEB00188D6C /* Products */;
			projectDirPath = "";
			projectRoot = "";
			targets = (
				A1B5D074209B2BEA00188D6C /* CRM */,
				A1B5D088209B2BEC00188D6C /* CRMTests */,
				A1B5D093209B2BEC00188D6C /* CRMUITests */,
			);
		};
/* End PBXProject section */

/* Begin PBXResourcesBuildPhase section */
		A1B5D073209B2BEA00188D6C /* Resources */ = {
			isa = PBXResourcesBuildPhase;
			buildActionMask = 2147483647;
			files = (
				A1B5D083209B2BEC00188D6C /* LaunchScreen.storyboard in Resources */,
				A1B5D080209B2BEC00188D6C /* Assets.xcassets in Resources */,
				A1B5D07E209B2BEB00188D6C /* Main.storyboard in Resources */,
			);
			runOnlyForDeploymentPostprocessing = 0;
		};
		A1B5D087209B2BEC00188D6C /* Resources */ = {
			isa = PBXResourcesBuildPhase;
			buildActionMask = 2147483647;
			files = (
			);
			runOnlyForDeploymentPostprocessing = 0;
		};
		A1B5D092209B2BEC00188D6C /* Resources */ = {
			isa = PBXResourcesBuildPhase;
			buildActionMask = 2147483647;
			files = (
			);
			runOnlyForDeploymentPostprocessing = 0;
		};
/* End PBXResourcesBuildPhase section */

/* Begin PBXSourcesBuildPhase section */
		A1B5D071209B2BEA00188D6C /* Sources */ = {
			isa = PBXSourcesBuildPhase;
			buildActionMask = 2147483647;
			files = (
				A1B5D07B209B2BEB00188D6C /* ViewController.swift in Sources */,
				A1B5D079209B2BEB00188D6C /* AppDelegate.swift in Sources */,
			);
			runOnlyForDeploymentPostprocessing = 0;
		};
		A1B5D085209B2BEC00188D6C /* Sources */ = {
			isa = PBXSourcesBuildPhase;
			buildActionMask = 2147483647;
			files = (
				A1B5D08E209B2BEC00188D6C /* CRMTests.swift in Sources */,
			);
			runOnlyForDeploymentPostprocessing = 0;
		};
		A1B5D090209B2BEC00188D6C /* Sources */ = {
			isa = PBXSourcesBuildPhase;
			buildActionMask = 2147483647;
			files = (
				A1B5D099209B2BEC00188D6C /* CRMUITests.swift in Sources */,
			);
			runOnlyForDeploymentPostprocessing = 0;
		};
/* End PBXSourcesBuildPhase section */

/* Begin PBXTargetDependency section */
		A1B5D08B209B2BEC00188D6C /* PBXTargetDependency */ = {
			isa = PBXTargetDependency;
			target = A1B5D074209B2BEA00188D6C /* CRM */;
			targetProxy = A1B5D08A209B2BEC00188D6C /* PBXContainerItemProxy */;
		};
		A1B5D096209B2BEC00188D6C /* PBXTargetDependency */ = {
			isa = PBXTargetDependency;
			target = A1B5D074209B2BEA00188D6C /* CRM */;
			targetProxy = A1B5D095209B2BEC00188D6C /* PBXContainerItemProxy */;
		};
/* End PBXTargetDependency section */

/* Begin PBXVariantGroup section */
		A1B5D07C209B2BEB00188D6C /* Main.storyboard */ = {
			isa = PBXVariantGroup;
			children = (
				A1B5D07D209B2BEB00188D6C /* Base */,
			);
			name = Main.storyboard;
			sourceTree = "<group>";
		};
		A1B5D081209B2BEC00188D6C /* LaunchScreen.storyboard */ = {
			isa = PBXVariantGroup;
			children = (
				A1B5D082209B2BEC00188D6C /* Base */,
			);
			name = LaunchScreen.storyboard;
			sourceTree = "<group>";
		};
/* End PBXVariantGroup section */

/* Begin XCBuildConfiguration section */
		A1B5D09B209B2BEC00188D6C /* Debug */ = {
			isa = XCBuildConfiguration;
			buildSettings = {
				ALWAYS_SEARCH_USER_PATHS = NO;
				CLANG_ANALYZER_NONNULL = YES;
				CLANG_ANALYZER_NUMBER_OBJECT_CONVERSION = YES_AGGRESSIVE;
				CLANG_CXX_LANGUAGE_STANDARD = "gnu++14";
				CLANG_CXX_LIBRARY = "libc++";
				CLANG_ENABLE_MODULES = YES;
				CLANG_ENABLE_OBJC_ARC = YES;
				CLANG_ENABLE_OBJC_WEAK = YES;
				CLANG_WARN_BLOCK_CAPTURE_AUTORELEASING = YES;
				CLANG_WARN_BOOL_CONVERSION = YES;
				CLANG_WARN_COMMA = YES;
				CLANG_WARN_CONSTANT_CONVERSION = YES;
				CLANG_WARN_DEPRECATED_OBJC_IMPLEMENTATIONS = YES;
				CLANG_WARN_DIRECT_OBJC_ISA_USAGE = YES_ERROR;
				CLANG_WARN_DOCUMENTATION_COMMENTS = YES;
				CLANG_WARN_EMPTY_BODY = YES;
				CLANG_WARN_ENUM_CONVERSION = YES;
				CLANG_WARN_INFINITE_RECURSION = YES;
				CLANG_WARN_INT_CONVERSION = YES;
				CLANG_WARN_NON_LITERAL_NULL_CONVERSION = YES;
				CLANG_WARN_OBJC_IMPLICIT_RETAIN_SELF = YES;
				CLANG_WARN_OBJC_LITERAL_CONVERSION = YES;
				CLANG_WARN_OBJC_ROOT_CLASS = YES_ERROR;
				CLANG_WARN_RANGE_LOOP_ANALYSIS = YES;
				CLANG_WARN_STRICT_PROTOTYPES = YES;
				CLANG_WARN_SUSPICIOUS_MOVE = YES;
				CLANG_WARN_UNGUARDED_AVAILABILITY = YES_AGGRESSIVE;
				CLANG_WARN_UNREACHABLE_CODE = YES;
				CLANG_WARN__DUPLICATE_METHOD_MATCH = YES;
				CODE_SIGN_IDENTITY = "iPhone Developer";
				COPY_PHASE_STRIP = NO;
				DEBUG_INFORMATION_FORMAT = dwarf;
				ENABLE_STRICT_OBJC_MSGSEND = YES;
				ENABLE_TESTABILITY = YES;
				GCC_C_LANGUAGE_STANDARD = gnu11;
				GCC_DYNAMIC_NO_PIC = NO;
				GCC_NO_COMMON_BLOCKS = YES;
				GCC_OPTIMIZATION_LEVEL = 0;
				GCC_PREPROCESSOR_DEFINITIONS = (
					"DEBUG=1",
					"$(inherited)",
				);
				GCC_WARN_64_TO_32_BIT_CONVERSION = YES;
				GCC_WARN_ABOUT_RETURN_TYPE = YES_ERROR;
				GCC_WARN_UNDECLARED_SELECTOR = YES;
				GCC_WARN_UNINITIALIZED_AUTOS = YES_AGGRESSIVE;
				GCC_WARN_UNUSED_FUNCTION = YES;
				GCC_WARN_UNUSED_VARIABLE = YES;
				IPHONEOS_DEPLOYMENT_TARGET = 11.3;
				MTL_ENABLE_DEBUG_INFO = YES;
				ONLY_ACTIVE_ARCH = YES;
				SDKROOT = iphoneos;
				SWIFT_ACTIVE_COMPILATION_CONDITIONS = DEBUG;
				SWIFT_OPTIMIZATION_LEVEL = "-Onone";
			};
			name = Debug;
		};
		A1B5D09C209B2BEC00188D6C /* Release */ = {
			isa = XCBuildConfiguration;
			buildSettings = {
				ALWAYS_SEARCH_USER_PATHS = NO;
				CLANG_ANALYZER_NONNULL = YES;
				CLANG_ANALYZER_NUMBER_OBJECT_CONVERSION = YES_AGGRESSIVE;
				CLANG_CXX_LANGUAGE_STANDARD = "gnu++14";
				CLANG_CXX_LIBRARY = "libc++";
				CLANG_ENABLE_MODULES = YES;
				CLANG_ENABLE_OBJC_ARC = YES;
				CLANG_ENABLE_OBJC_WEAK = YES;
				CLANG_WARN_BLOCK_CAPTURE_AUTORELEASING = YES;
				CLANG_WARN_BOOL_CONVERSION = YES;
				CLANG_WARN_COMMA = YES;
				CLANG_WARN_CONSTANT_CONVERSION = YES;
				CLANG_WARN_DEPRECATED_OBJC_IMPLEMENTATIONS = YES;
				CLANG_WARN_DIRECT_OBJC_ISA_USAGE = YES_ERROR;
				CLANG_WARN_DOCUMENTATION_COMMENTS = YES;
				CLANG_WARN_EMPTY_BODY = YES;
				CLANG_WARN_ENUM_CONVERSION = YES;
				CLANG_WARN_INFINITE_RECURSION = YES;
				CLANG_WARN_INT_CONVERSION = YES;
				CLANG_WARN_NON_LITERAL_NULL_CONVERSION = YES;
				CLANG_WARN_OBJC_IMPLICIT_RETAIN_SELF = YES;
				CLANG_WARN_OBJC_LITERAL_CONVERSION = YES;
				CLANG_WARN_OBJC_ROOT_CLASS = YES_ERROR;
				CLANG_WARN_RANGE_LOOP_ANALYSIS = YES;
				CLANG_WARN_STRICT_PROTOTYPES = YES;
				CLANG_WARN_SUSPICIOUS_MOVE = YES;
				CLANG_WARN_UNGUARDED_AVAILABILITY = YES_AGGRESSIVE;
				CLANG_WARN_UNREACHABLE_CODE = YES;
				CLANG_WARN__DUPLICATE_METHOD_MATCH = YES;
				CODE_SIGN_IDENTITY = "iPhone Developer";
				COPY_PHASE_STRIP = NO;
				DEBUG_INFORMATION_FORMAT = "dwarf-with-dsym";
				ENABLE_NS_ASSERTIONS = NO;
				ENABLE_STRICT_OBJC_MSGSEND = YES;
				GCC_C_LANGUAGE_STANDARD = gnu11;
				GCC_NO_COMMON_BLOCKS = YES;
				GCC_WARN_64_TO_32_BIT_CONVERSION = YES;
				GCC_WARN_ABOUT_RETURN_TYPE = YES_ERROR;
				GCC_WARN_UNDECLARED_SELECTOR = YES;
				GCC_WARN_UNINITIALIZED_AUTOS = YES_AGGRESSIVE;
				GCC_WARN_UNUSED_FUNCTION = YES;
				GCC_WARN_UNUSED_VARIABLE = YES;
				IPHONEOS_DEPLOYMENT_TARGET = 11.3;
				MTL_ENABLE_DEBUG_INFO = NO;
				SDKROOT = iphoneos;
				SWIFT_COMPILATION_MODE = wholemodule;
				SWIFT_OPTIMIZATION_LEVEL = "-O";
				VALIDATE_PRODUCT = YES;
			};
			name = Release;
		};
		A1B5D09E209B2BEC00188D6C /* Debug */ = {
			isa = XCBuildConfiguration;
			buildSettings = {
				ASSETCATALOG_COMPILER_APPICON_NAME = AppIcon;
				CODE_SIGN_STYLE = Automatic;
				DEVELOPMENT_TEAM = 52V76L6JD6;
				INFOPLIST_FILE = CRM/Info.plist;
				LD_RUNPATH_SEARCH_PATHS = (
					"$(inherited)",
					"@executable_path/Frameworks",
				);
				PRODUCT_BUNDLE_IDENTIFIER = com.example.CRM;
				PRODUCT_NAME = "$(TARGET_NAME)";
				SWIFT_VERSION = 4.0;
				TARGETED_DEVICE_FAMILY = "1,2";
			};
			name = Debug;
		};
		A1B5D09F209B2BEC00188D6C /* Release */ = {
			isa = XCBuildConfiguration;
			buildSettings = {
				ASSETCATALOG_COMPILER_APPICON_NAME = AppIcon;
				CODE_SIGN_STYLE = Automatic;
				DEVELOPMENT_TEAM = 52V76L6JD6;
				INFOPLIST_FILE = CRM/Info.plist;
				LD_RUNPATH_SEARCH_PATHS = (
					"$(inherited)",
					"@executable_path/Frameworks",
				);
				PRODUCT_BUNDLE_IDENTIFIER = com.example.CRM;
				PRODUCT_NAME = "$(TARGET_NAME)";
				SWIFT_VERSION = 4.0;
				TARGETED_DEVICE_FAMILY = "1,2";
			};
			name = Release;
		};
		A1B5D0A1209B2BEC00188D6C /* Debug */ = {
			isa = XCBuildConfiguration;
			buildSettings = {
				ALWAYS_EMBED_SWIFT_STANDARD_LIBRARIES = YES;
				BUNDLE_LOADER = "$(TEST_HOST)";
				CODE_SIGN_STYLE = Automatic;
				DEVELOPMENT_TEAM = 52V76L6JD6;
				INFOPLIST_FILE = CRMTests/Info.plist;
				LD_RUNPATH_SEARCH_PATHS = (
					"$(inherited)",
					"@executable_path/Frameworks",
					"@loader_path/Frameworks",
				);
				PRODUCT_BUNDLE_IDENTIFIER = com.example.CRMTests;
				PRODUCT_NAME = "$(TARGET_NAME)";
				SWIFT_VERSION = 4.0;
				TARGETED_DEVICE_FAMILY = "1,2";
				TEST_HOST = "$(BUILT_PRODUCTS_DIR)/CRM.app/CRM";
			};
			name = Debug;
		};
		A1B5D0A2209B2BEC00188D6C /* Release */ = {
			isa = XCBuildConfiguration;
			buildSettings = {
				ALWAYS_EMBED_SWIFT_STANDARD_LIBRARIES = YES;
				BUNDLE_LOADER = "$(TEST_HOST)";
				CODE_SIGN_STYLE = Automatic;
				DEVELOPMENT_TEAM = 52V76L6JD6;
				INFOPLIST_FILE = CRMTests/Info.plist;
				LD_RUNPATH_SEARCH_PATHS = (
					"$(inherited)",
					"@executable_path/Frameworks",
					"@loader_path/Frameworks",
				);
				PRODUCT_BUNDLE_IDENTIFIER = com.example.CRMTests;
				PRODUCT_NAME = "$(TARGET_NAME)";
				SWIFT_VERSION = 4.0;
				TARGETED_DEVICE_FAMILY = "1,2";
				TEST_HOST = "$(BUILT_PRODUCTS_DIR)/CRM.app/CRM";
			};
			name = Release;
		};
		A1B5D0A4209B2BEC00188D6C /* Debug */ = {
			isa = XCBuildConfiguration;
			buildSettings = {
				ALWAYS_EMBED_SWIFT_STANDARD_LIBRARIES = YES;
				CODE_SIGN_STYLE = Automatic;
				DEVELOPMENT_TEAM = 52V76L6JD6;
				INFOPLIST_FILE = CRMUITests/Info.plist;
				LD_RUNPATH_SEARCH_PATHS = (
					"$(inherited)",
					"@executable_path/Frameworks",
					"@loader_path/Frameworks",
				);
				PRODUCT_BUNDLE_IDENTIFIER = com.example.CRMUITests;
				PRODUCT_NAME = "$(TARGET_NAME)";
				SWIFT_VERSION = 4.0;
				TARGETED_DEVICE_FAMILY = "1,2";
				TEST_TARGET_NAME = CRM;
			};
			name = Debug;
		};
		A1B5D0A5209B2BEC00188D6C /* Release */ = {
			isa = XCBuildConfiguration;
			buildSettings = {
				ALWAYS_EMBED_SWIFT_STANDARD_LIBRARIES = YES;
				CODE_SIGN_STYLE = Automatic;
				DEVELOPMENT_TEAM = 52V76L6JD6;
				INFOPLIST_FILE = CRMUITests/Info.plist;
				LD_RUNPATH_SEARCH_PATHS = (
					"$(inherited)",
					"@executable_path/Frameworks",
					"@loader_path/Frameworks",
				);
				PRODUCT_BUNDLE_IDENTIFIER = com.example.CRMUITests;
				PRODUCT_NAME = "$(TARGET_NAME)";
				SWIFT_VERSION = 4.0;
				TARGETED_DEVICE_FAMILY = "1,2";
				TEST_TARGET_NAME = CRM;
			};
			name = Release;
		};
/* End XCBuildConfiguration section */

/* Begin XCConfigurationList section */
		A1B5D070209B2BEA00188D6C /* Build configuration list for PBXProject "CRM" */ = {
			isa = XCConfigurationList;
			buildConfigurations = (
				A1B5D09B209B2BEC00188D6C /* Debug */,
				A1B5D09C209B2BEC00188D6C /* Release */,
			);
			defaultConfigurationIsVisible = 0;
			defaultConfigurationName = Release;
		};
		A1B5D09D209B2BEC00188D6C /* Build configuration list for PBXNativeTarget "CRM" */ = {
			isa = XCConfigurationList;
			buildConfigurations = (
				A1B5D09E209B2BEC00188D6C /* Debug */,
				A1B5D09F209B2BEC00188D6C /* Release */,
			);
			defaultConfigurationIsVisible = 0;
			defaultConfigurationName = Release;
		};
		A1B5D0A0209B2BEC00188D6C /* Build configuration list for PBXNativeTarget "CRMTests" */ = {
			isa = XCConfigurationList;
			buildConfigurations = (
				A1B5D0A1209B2BEC00188D6C /* Debug */,
				A1B5D0A2209B2BEC00188D6C /* Release */,
			);
			defaultConfigurationIsVisible = 0;
			defaultConfigurationName = Release;
		};
		A1B5D0A3209B2BEC00188D6C /* Build configuration list for PBXNativeTarget "CRMUITests" */ = {
			isa = XCConfigurationList;
			buildConfigurations = (
				A1B5D0A4209B2BEC00188D6C /* Debug */,
				A1B5D0A5209B2BEC00188D6C /* Release */,
			);
			defaultConfigurationIsVisible = 0;
			defaultConfigurationName = Release;
		};
/* End XCConfigurationList section */
	};
	rootObject = A1B5D06D209B2BEA00188D6C /* Project object */;
}
